
Microsoft Visual Studio Solution File, Format Version 10.00
# Visual Studio 2008
Project("{8BC9CEB8-8B4A-11D0-8D11-00A0C91BC942}") = "code practice", "code practice\code practice.vcproj", "{4A5BCE6E-E32F-4632-AC47-17F38F3869A2}"
EndProject
Global
	GlobalSection(SolutionConfigurationPlatforms) = preSolution
		Debug|Win32 = Debug|Win32
		Release|Win32 = Release|Win32
	EndGlobalSection
	GlobalSection(ProjectConfigurationPlatforms) = postSolution
		{4A5BCE6E-E32F-4632-AC47-17F38F3869A2}.Debug|Win32.ActiveCfg = Debug|Win32
		{4A5BCE6E-E32F-4632-AC47-17F38F3869A2}.Debug|Win32.Build.0 = Debug|Win32
		{4A5BCE6E-E32F-4632-AC47-17F38F3869A2}.Release|Win32.ActiveCfg = Release|Win32
		{4A5BCE6E-E32F-4632-AC47-17F38F3869A2}.Release|Win32.Build.0 = Release|Win32
	EndGlobalSection
	GlobalSection(SolutionProperties) = preSolution
		HideSolutionNode = FALSE
	EndGlobalSection
EndGlobal
